
Microsoft Visual Studio Solution File, Format Version 12.00
# Visual Studio Version 17
VisualStudioVersion = 17.7.34024.191
MinimumVisualStudioVersion = 10.0.40219.1
Project("{FAE04EC0-301F-11D3-BF4B-00C04F79EFBC}") = "DataAdapterWizard", "DataAdapterWizard\DataAdapterWizard.csproj", "{E0C0D6D8-F5BF-4DCB-A27D-18BBCE8D6415}"
EndProject
Global
	GlobalSection(SolutionConfigurationPlatforms) = preSolution
		Debug|Any CPU = Debug|Any CPU
		Release|Any CPU = Release|Any CPU
	EndGlobalSection
	GlobalSection(ProjectConfigurationPlatforms) = postSolution
		{E0C0D6D8-F5BF-4DCB-A27D-18BBCE8D6415}.Debug|Any CPU.ActiveCfg = Debug|Any CPU
		{E0C0D6D8-F5BF-4DCB-A27D-18BBCE8D6415}.Debug|Any CPU.Build.0 = Debug|Any CPU
		{E0C0D6D8-F5BF-4DCB-A27D-18BBCE8D6415}.Release|Any CPU.ActiveCfg = Release|Any CPU
		{E0C0D6D8-F5BF-4DCB-A27D-18BBCE8D6415}.Release|Any CPU.Build.0 = Release|Any CPU
	EndGlobalSection
	GlobalSection(SolutionProperties) = preSolution
		HideSolutionNode = FALSE
	EndGlobalSection
	GlobalSection(ExtensibilityGlobals) = postSolution
		SolutionGuid = {E8782FBE-CD1C-4B69-BFA5-805DA66C2532}
	EndGlobalSection
EndGlobal
