
Microsoft Visual Studio Solution File, Format Version 12.00
# Visual Studio Version 17
VisualStudioVersion = 17.7.34031.279
MinimumVisualStudioVersion = 10.0.40219.1
Project("{FAE04EC0-301F-11D3-BF4B-00C04F79EFBC}") = "DataSourceWizard", "DataSourceWizard\DataSourceWizard.csproj", "{DE1D7961-B055-4C2F-85A7-B85D3759FA73}"
EndProject
Global
	GlobalSection(SolutionConfigurationPlatforms) = preSolution
		Debug|Any CPU = Debug|Any CPU
		Release|Any CPU = Release|Any CPU
	EndGlobalSection
	GlobalSection(ProjectConfigurationPlatforms) = postSolution
		{DE1D7961-B055-4C2F-85A7-B85D3759FA73}.Debug|Any CPU.ActiveCfg = Debug|Any CPU
		{DE1D7961-B055-4C2F-85A7-B85D3759FA73}.Debug|Any CPU.Build.0 = Debug|Any CPU
		{DE1D7961-B055-4C2F-85A7-B85D3759FA73}.Release|Any CPU.ActiveCfg = Release|Any CPU
		{DE1D7961-B055-4C2F-85A7-B85D3759FA73}.Release|Any CPU.Build.0 = Release|Any CPU
	EndGlobalSection
	GlobalSection(SolutionProperties) = preSolution
		HideSolutionNode = FALSE
	EndGlobalSection
	GlobalSection(ExtensibilityGlobals) = postSolution
		SolutionGuid = {BE0CED46-BE30-4991-912C-72DC163F48CB}
	EndGlobalSection
EndGlobal
