
Microsoft Visual Studio Solution File, Format Version 12.00
# Visual Studio Version 17
VisualStudioVersion = 17.9.34622.214
MinimumVisualStudioVersion = 10.0.40219.1
Project("{8BC9CEB8-8B4A-11D0-8D11-00A0C91BC942}") = "Lab1.Test", "Lab1\Lab1.Test\Lab1.Test.vcxproj", "{2D107FAD-F24B-48BD-A08C-0B3F508A9876}"
EndProject
Project("{8BC9CEB8-8B4A-11D0-8D11-00A0C91BC942}") = "Lab2.Test1", "Lab2\Lab2.Test\Lab2.Test.vcxproj", "{58787102-2B8B-4D47-AB63-C0B7F259ABAA}"
EndProject
Project("{8BC9CEB8-8B4A-11D0-8D11-00A0C91BC942}") = "Lab2.Test2", "Lab2\Lab2.Test2\Lab2.Test2.vcxproj", "{44159D7D-AC22-402C-8FB4-491BE46173E9}"
EndProject
Project("{8BC9CEB8-8B4A-11D0-8D11-00A0C91BC942}") = "Lab2.Test3", "Lab2\Lab2.Test3\Lab2.Test3.vcxproj", "{9CDF6F95-D5CC-44C9-97AB-A8074B8DA3A2}"
EndProject
Project("{8BC9CEB8-8B4A-11D0-8D11-00A0C91BC942}") = "Lab2.Test4", "Lab2\Lab2.Test4\Lab2.Test4.vcxproj", "{9826382A-A0DD-4F5B-BC48-280262671C7C}"
EndProject
Project("{8BC9CEB8-8B4A-11D0-8D11-00A0C91BC942}") = "Lab3.Test1", "Lab3\Lab3.Test1\Lab3.Test1.vcxproj", "{30D530E0-4E6F-418C-8ABD-26A3D988A311}"
EndProject
Project("{8BC9CEB8-8B4A-11D0-8D11-00A0C91BC942}") = "Lab3.Test2", "Lab3\Lab3.Test2\Lab3.Test2.vcxproj", "{BF53FC5D-A19B-40C1-AB79-56E93E306A81}"
EndProject
Project("{8BC9CEB8-8B4A-11D0-8D11-00A0C91BC942}") = "Lab3.Test3", "Lab3\Lab3.Test3\Lab3.Test3.vcxproj", "{9027F188-FE71-4ED1-8336-B50DDD07D9D2}"
EndProject
Project("{8BC9CEB8-8B4A-11D0-8D11-00A0C91BC942}") = "Lab3.Test4", "Lab3\Lab3.Test4\Lab3.Test4.vcxproj", "{4D6CDAE5-FCD5-4DA8-B4F5-5A92D0F84292}"
EndProject
Project("{8BC9CEB8-8B4A-11D0-8D11-00A0C91BC942}") = "Lab3.Test5", "Lab3\Lab3.Test5\Lab3.Test5.vcxproj", "{B0C0BEB1-5F96-4C87-B9E3-E748CA7C2A04}"
EndProject
Project("{8BC9CEB8-8B4A-11D0-8D11-00A0C91BC942}") = "Lab4.Test1", "Lab4\Lab4.Test1\Lab4.Test1.vcxproj", "{9E78DD81-B488-41D7-B93A-68653C9A2BD4}"
EndProject
Project("{8BC9CEB8-8B4A-11D0-8D11-00A0C91BC942}") = "Lab4.Test2", "Lab4\Lab4.Test2\Lab4.Test2.vcxproj", "{1A9EC6B1-BA6D-4AA2-B1B3-14FAED6872BB}"
EndProject
Project("{8BC9CEB8-8B4A-11D0-8D11-00A0C91BC942}") = "Lab5.Test1", "Lab5\Lab5.Test1\Lab5.Test1.vcxproj", "{F4BD0A8E-E823-49EB-A915-E34BC78287F9}"
EndProject
Project("{8BC9CEB8-8B4A-11D0-8D11-00A0C91BC942}") = "Lab5.Test2", "Lab5\Lab5.Test2\Lab5.Test2.vcxproj", "{18F7B66B-7136-42D2-9489-8E65DF22AA78}"
EndProject
Project("{8BC9CEB8-8B4A-11D0-8D11-00A0C91BC942}") = "Lab5.Test3", "Lab5\Lab5.Test3\Lab5.Test3.vcxproj", "{3A30F33C-9DEA-4609-8DE9-5B37FE4AAE63}"
EndProject
Project("{8BC9CEB8-8B4A-11D0-8D11-00A0C91BC942}") = "Lab6.Test1", "Lab6\Lab6.Test1\Lab6.Test1.vcxproj", "{D0158F46-6BC4-48C6-BFAB-7DE96FADE4F9}"
EndProject
Project("{8BC9CEB8-8B4A-11D0-8D11-00A0C91BC942}") = "Lab6.Test2", "Lab6\Lab6.Test2\Lab6.Test2.vcxproj", "{884CC2FE-192C-4094-8482-00DAFBEDE55F}"
EndProject
Project("{8BC9CEB8-8B4A-11D0-8D11-00A0C91BC942}") = "Lab7.Test1", "Lab7\Lab7.Test1\Lab7.Test1.vcxproj", "{DFDCE0E2-EBA5-4EB0-896F-7A16A77B7EF9}"
EndProject
Project("{8BC9CEB8-8B4A-11D0-8D11-00A0C91BC942}") = "Lab7.Test2", "Lab7\Lab7.Test2\Lab7.Test2.vcxproj", "{6B1D41A2-E179-4083-940E-87A7775FFEB5}"
EndProject
Project("{8BC9CEB8-8B4A-11D0-8D11-00A0C91BC942}") = "Lab7.Test3", "Lab7\Lab7.Test3\Lab7.Test3.vcxproj", "{897EA6CF-DF8D-4D29-BFF4-601241FE960A}"
EndProject
Project("{8BC9CEB8-8B4A-11D0-8D11-00A0C91BC942}") = "Lab8.Test", "Lab8\Lab8.Test\Lab8.Test.vcxproj", "{B1FC6A88-0FD2-470A-A6B5-2AFF8A802BB3}"
EndProject
Project("{8BC9CEB8-8B4A-11D0-8D11-00A0C91BC942}") = "Lab9.Test1", "Lab9\Lab9.Test1\Lab9.Test1.vcxproj", "{B6109B78-6FCB-4A64-B860-97E0DDE007C2}"
EndProject
Project("{8BC9CEB8-8B4A-11D0-8D11-00A0C91BC942}") = "Lab9.Test2", "Lab9\Lab9.Test2\Lab9.Test2.vcxproj", "{D7F1AFBA-1B60-4A0F-863F-E6608B520C39}"
EndProject
Project("{8BC9CEB8-8B4A-11D0-8D11-00A0C91BC942}") = "Lab10.Test", "Lab10\Lab10.Test\Lab10.Test.vcxproj", "{3897119C-0F64-4267-AE5B-82EC7E33C772}"
EndProject
Project("{8BC9CEB8-8B4A-11D0-8D11-00A0C91BC942}") = "Lab11.Test1", "Lab11\Lab11.Test1\Lab11.Test1.vcxproj", "{CFB5D893-0D9B-4E69-B42D-F5DE591E5BF9}"
EndProject
Project("{8BC9CEB8-8B4A-11D0-8D11-00A0C91BC942}") = "Lab11.Test2", "Lab11\Lab11.Test2\Lab11.Test2.vcxproj", "{B3FB46A0-D422-4133-BF0E-736880AE6951}"
EndProject
Project("{8BC9CEB8-8B4A-11D0-8D11-00A0C91BC942}") = "SchoolCpp", "Lab12\SchoolCpp\SchoolCpp.vcxproj", "{AB1E75AC-E129-4860-9CDB-363347505EFC}"
EndProject
Project("{8BC9CEB8-8B4A-11D0-8D11-00A0C91BC942}") = "Lab13.Test", "Lab13\Lab13.Test\Lab13.Test.vcxproj", "{A63AED98-1AE3-4246-BC45-8C77BAE9C2B7}"
EndProject
Project("{8BC9CEB8-8B4A-11D0-8D11-00A0C91BC942}") = "Lab14.Test1", "Lab14\Lab14.Test1\Lab14.Test1.vcxproj", "{B14D33E5-C3A2-44F1-B9B6-EEB1545CC6BD}"
EndProject
Project("{8BC9CEB8-8B4A-11D0-8D11-00A0C91BC942}") = "Lab14.Test2", "Lab14\Lab14.Test2\Lab14.Test2.vcxproj", "{FA0201A2-4FAC-4586-9D06-282996F805F7}"
EndProject
Project("{8BC9CEB8-8B4A-11D0-8D11-00A0C91BC942}") = "Lab15.Test", "Lab15.Test\Lab15.Test.vcxproj", "{2EBDC169-BC67-43FA-A7D2-4C9794220FC5}"
EndProject
Project("{8BC9CEB8-8B4A-11D0-8D11-00A0C91BC942}") = "AddressBook", "AddressBook\AddressBook.vcxproj", "{75ED47D3-3373-45EE-AC96-BD646E5D5380}"
EndProject
Global
	GlobalSection(SolutionConfigurationPlatforms) = preSolution
		Debug|x64 = Debug|x64
		Debug|x86 = Debug|x86
		Release|x64 = Release|x64
		Release|x86 = Release|x86
	EndGlobalSection
	GlobalSection(ProjectConfigurationPlatforms) = postSolution
		{2D107FAD-F24B-48BD-A08C-0B3F508A9876}.Debug|x64.ActiveCfg = Debug|x64
		{2D107FAD-F24B-48BD-A08C-0B3F508A9876}.Debug|x64.Build.0 = Debug|x64
		{2D107FAD-F24B-48BD-A08C-0B3F508A9876}.Debug|x86.ActiveCfg = Debug|Win32
		{2D107FAD-F24B-48BD-A08C-0B3F508A9876}.Debug|x86.Build.0 = Debug|Win32
		{2D107FAD-F24B-48BD-A08C-0B3F508A9876}.Release|x64.ActiveCfg = Release|x64
		{2D107FAD-F24B-48BD-A08C-0B3F508A9876}.Release|x64.Build.0 = Release|x64
		{2D107FAD-F24B-48BD-A08C-0B3F508A9876}.Release|x86.ActiveCfg = Release|Win32
		{2D107FAD-F24B-48BD-A08C-0B3F508A9876}.Release|x86.Build.0 = Release|Win32
		{58787102-2B8B-4D47-AB63-C0B7F259ABAA}.Debug|x64.ActiveCfg = Debug|x64
		{58787102-2B8B-4D47-AB63-C0B7F259ABAA}.Debug|x64.Build.0 = Debug|x64
		{58787102-2B8B-4D47-AB63-C0B7F259ABAA}.Debug|x86.ActiveCfg = Debug|Win32
		{58787102-2B8B-4D47-AB63-C0B7F259ABAA}.Debug|x86.Build.0 = Debug|Win32
		{58787102-2B8B-4D47-AB63-C0B7F259ABAA}.Release|x64.ActiveCfg = Release|x64
		{58787102-2B8B-4D47-AB63-C0B7F259ABAA}.Release|x64.Build.0 = Release|x64
		{58787102-2B8B-4D47-AB63-C0B7F259ABAA}.Release|x86.ActiveCfg = Release|Win32
		{58787102-2B8B-4D47-AB63-C0B7F259ABAA}.Release|x86.Build.0 = Release|Win32
		{44159D7D-AC22-402C-8FB4-491BE46173E9}.Debug|x64.ActiveCfg = Debug|x64
		{44159D7D-AC22-402C-8FB4-491BE46173E9}.Debug|x64.Build.0 = Debug|x64
		{44159D7D-AC22-402C-8FB4-491BE46173E9}.Debug|x86.ActiveCfg = Debug|Win32
		{44159D7D-AC22-402C-8FB4-491BE46173E9}.Debug|x86.Build.0 = Debug|Win32
		{44159D7D-AC22-402C-8FB4-491BE46173E9}.Release|x64.ActiveCfg = Release|x64
		{44159D7D-AC22-402C-8FB4-491BE46173E9}.Release|x64.Build.0 = Release|x64
		{44159D7D-AC22-402C-8FB4-491BE46173E9}.Release|x86.ActiveCfg = Release|Win32
		{44159D7D-AC22-402C-8FB4-491BE46173E9}.Release|x86.Build.0 = Release|Win32
		{9CDF6F95-D5CC-44C9-97AB-A8074B8DA3A2}.Debug|x64.ActiveCfg = Debug|x64
		{9CDF6F95-D5CC-44C9-97AB-A8074B8DA3A2}.Debug|x64.Build.0 = Debug|x64
		{9CDF6F95-D5CC-44C9-97AB-A8074B8DA3A2}.Debug|x86.ActiveCfg = Debug|Win32
		{9CDF6F95-D5CC-44C9-97AB-A8074B8DA3A2}.Debug|x86.Build.0 = Debug|Win32
		{9CDF6F95-D5CC-44C9-97AB-A8074B8DA3A2}.Release|x64.ActiveCfg = Release|x64
		{9CDF6F95-D5CC-44C9-97AB-A8074B8DA3A2}.Release|x64.Build.0 = Release|x64
		{9CDF6F95-D5CC-44C9-97AB-A8074B8DA3A2}.Release|x86.ActiveCfg = Release|Win32
		{9CDF6F95-D5CC-44C9-97AB-A8074B8DA3A2}.Release|x86.Build.0 = Release|Win32
		{9826382A-A0DD-4F5B-BC48-280262671C7C}.Debug|x64.ActiveCfg = Debug|x64
		{9826382A-A0DD-4F5B-BC48-280262671C7C}.Debug|x64.Build.0 = Debug|x64
		{9826382A-A0DD-4F5B-BC48-280262671C7C}.Debug|x86.ActiveCfg = Debug|Win32
		{9826382A-A0DD-4F5B-BC48-280262671C7C}.Debug|x86.Build.0 = Debug|Win32
		{9826382A-A0DD-4F5B-BC48-280262671C7C}.Release|x64.ActiveCfg = Release|x64
		{9826382A-A0DD-4F5B-BC48-280262671C7C}.Release|x64.Build.0 = Release|x64
		{9826382A-A0DD-4F5B-BC48-280262671C7C}.Release|x86.ActiveCfg = Release|Win32
		{9826382A-A0DD-4F5B-BC48-280262671C7C}.Release|x86.Build.0 = Release|Win32
		{30D530E0-4E6F-418C-8ABD-26A3D988A311}.Debug|x64.ActiveCfg = Debug|x64
		{30D530E0-4E6F-418C-8ABD-26A3D988A311}.Debug|x64.Build.0 = Debug|x64
		{30D530E0-4E6F-418C-8ABD-26A3D988A311}.Debug|x86.ActiveCfg = Debug|Win32
		{30D530E0-4E6F-418C-8ABD-26A3D988A311}.Debug|x86.Build.0 = Debug|Win32
		{30D530E0-4E6F-418C-8ABD-26A3D988A311}.Release|x64.ActiveCfg = Release|x64
		{30D530E0-4E6F-418C-8ABD-26A3D988A311}.Release|x64.Build.0 = Release|x64
		{30D530E0-4E6F-418C-8ABD-26A3D988A311}.Release|x86.ActiveCfg = Release|Win32
		{30D530E0-4E6F-418C-8ABD-26A3D988A311}.Release|x86.Build.0 = Release|Win32
		{BF53FC5D-A19B-40C1-AB79-56E93E306A81}.Debug|x64.ActiveCfg = Debug|x64
		{BF53FC5D-A19B-40C1-AB79-56E93E306A81}.Debug|x64.Build.0 = Debug|x64
		{BF53FC5D-A19B-40C1-AB79-56E93E306A81}.Debug|x86.ActiveCfg = Debug|Win32
		{BF53FC5D-A19B-40C1-AB79-56E93E306A81}.Debug|x86.Build.0 = Debug|Win32
		{BF53FC5D-A19B-40C1-AB79-56E93E306A81}.Release|x64.ActiveCfg = Release|x64
		{BF53FC5D-A19B-40C1-AB79-56E93E306A81}.Release|x64.Build.0 = Release|x64
		{BF53FC5D-A19B-40C1-AB79-56E93E306A81}.Release|x86.ActiveCfg = Release|Win32
		{BF53FC5D-A19B-40C1-AB79-56E93E306A81}.Release|x86.Build.0 = Release|Win32
		{9027F188-FE71-4ED1-8336-B50DDD07D9D2}.Debug|x64.ActiveCfg = Debug|x64
		{9027F188-FE71-4ED1-8336-B50DDD07D9D2}.Debug|x64.Build.0 = Debug|x64
		{9027F188-FE71-4ED1-8336-B50DDD07D9D2}.Debug|x86.ActiveCfg = Debug|Win32
		{9027F188-FE71-4ED1-8336-B50DDD07D9D2}.Debug|x86.Build.0 = Debug|Win32
		{9027F188-FE71-4ED1-8336-B50DDD07D9D2}.Release|x64.ActiveCfg = Release|x64
		{9027F188-FE71-4ED1-8336-B50DDD07D9D2}.Release|x64.Build.0 = Release|x64
		{9027F188-FE71-4ED1-8336-B50DDD07D9D2}.Release|x86.ActiveCfg = Release|Win32
		{9027F188-FE71-4ED1-8336-B50DDD07D9D2}.Release|x86.Build.0 = Release|Win32
		{4D6CDAE5-FCD5-4DA8-B4F5-5A92D0F84292}.Debug|x64.ActiveCfg = Debug|x64
		{4D6CDAE5-FCD5-4DA8-B4F5-5A92D0F84292}.Debug|x64.Build.0 = Debug|x64
		{4D6CDAE5-FCD5-4DA8-B4F5-5A92D0F84292}.Debug|x86.ActiveCfg = Debug|Win32
		{4D6CDAE5-FCD5-4DA8-B4F5-5A92D0F84292}.Debug|x86.Build.0 = Debug|Win32
		{4D6CDAE5-FCD5-4DA8-B4F5-5A92D0F84292}.Release|x64.ActiveCfg = Release|x64
		{4D6CDAE5-FCD5-4DA8-B4F5-5A92D0F84292}.Release|x64.Build.0 = Release|x64
		{4D6CDAE5-FCD5-4DA8-B4F5-5A92D0F84292}.Release|x86.ActiveCfg = Release|Win32
		{4D6CDAE5-FCD5-4DA8-B4F5-5A92D0F84292}.Release|x86.Build.0 = Release|Win32
		{B0C0BEB1-5F96-4C87-B9E3-E748CA7C2A04}.Debug|x64.ActiveCfg = Debug|x64
		{B0C0BEB1-5F96-4C87-B9E3-E748CA7C2A04}.Debug|x64.Build.0 = Debug|x64
		{B0C0BEB1-5F96-4C87-B9E3-E748CA7C2A04}.Debug|x86.ActiveCfg = Debug|Win32
		{B0C0BEB1-5F96-4C87-B9E3-E748CA7C2A04}.Debug|x86.Build.0 = Debug|Win32
		{B0C0BEB1-5F96-4C87-B9E3-E748CA7C2A04}.Release|x64.ActiveCfg = Release|x64
		{B0C0BEB1-5F96-4C87-B9E3-E748CA7C2A04}.Release|x64.Build.0 = Release|x64
		{B0C0BEB1-5F96-4C87-B9E3-E748CA7C2A04}.Release|x86.ActiveCfg = Release|Win32
		{B0C0BEB1-5F96-4C87-B9E3-E748CA7C2A04}.Release|x86.Build.0 = Release|Win32
		{9E78DD81-B488-41D7-B93A-68653C9A2BD4}.Debug|x64.ActiveCfg = Debug|x64
		{9E78DD81-B488-41D7-B93A-68653C9A2BD4}.Debug|x64.Build.0 = Debug|x64
		{9E78DD81-B488-41D7-B93A-68653C9A2BD4}.Debug|x86.ActiveCfg = Debug|Win32
		{9E78DD81-B488-41D7-B93A-68653C9A2BD4}.Debug|x86.Build.0 = Debug|Win32
		{9E78DD81-B488-41D7-B93A-68653C9A2BD4}.Release|x64.ActiveCfg = Release|x64
		{9E78DD81-B488-41D7-B93A-68653C9A2BD4}.Release|x64.Build.0 = Release|x64
		{9E78DD81-B488-41D7-B93A-68653C9A2BD4}.Release|x86.ActiveCfg = Release|Win32
		{9E78DD81-B488-41D7-B93A-68653C9A2BD4}.Release|x86.Build.0 = Release|Win32
		{1A9EC6B1-BA6D-4AA2-B1B3-14FAED6872BB}.Debug|x64.ActiveCfg = Debug|x64
		{1A9EC6B1-BA6D-4AA2-B1B3-14FAED6872BB}.Debug|x64.Build.0 = Debug|x64
		{1A9EC6B1-BA6D-4AA2-B1B3-14FAED6872BB}.Debug|x86.ActiveCfg = Debug|Win32
		{1A9EC6B1-BA6D-4AA2-B1B3-14FAED6872BB}.Debug|x86.Build.0 = Debug|Win32
		{1A9EC6B1-BA6D-4AA2-B1B3-14FAED6872BB}.Release|x64.ActiveCfg = Release|x64
		{1A9EC6B1-BA6D-4AA2-B1B3-14FAED6872BB}.Release|x64.Build.0 = Release|x64
		{1A9EC6B1-BA6D-4AA2-B1B3-14FAED6872BB}.Release|x86.ActiveCfg = Release|Win32
		{1A9EC6B1-BA6D-4AA2-B1B3-14FAED6872BB}.Release|x86.Build.0 = Release|Win32
		{F4BD0A8E-E823-49EB-A915-E34BC78287F9}.Debug|x64.ActiveCfg = Debug|x64
		{F4BD0A8E-E823-49EB-A915-E34BC78287F9}.Debug|x64.Build.0 = Debug|x64
		{F4BD0A8E-E823-49EB-A915-E34BC78287F9}.Debug|x86.ActiveCfg = Debug|Win32
		{F4BD0A8E-E823-49EB-A915-E34BC78287F9}.Debug|x86.Build.0 = Debug|Win32
		{F4BD0A8E-E823-49EB-A915-E34BC78287F9}.Release|x64.ActiveCfg = Release|x64
		{F4BD0A8E-E823-49EB-A915-E34BC78287F9}.Release|x64.Build.0 = Release|x64
		{F4BD0A8E-E823-49EB-A915-E34BC78287F9}.Release|x86.ActiveCfg = Release|Win32
		{F4BD0A8E-E823-49EB-A915-E34BC78287F9}.Release|x86.Build.0 = Release|Win32
		{18F7B66B-7136-42D2-9489-8E65DF22AA78}.Debug|x64.ActiveCfg = Debug|x64
		{18F7B66B-7136-42D2-9489-8E65DF22AA78}.Debug|x64.Build.0 = Debug|x64
		{18F7B66B-7136-42D2-9489-8E65DF22AA78}.Debug|x86.ActiveCfg = Debug|Win32
		{18F7B66B-7136-42D2-9489-8E65DF22AA78}.Debug|x86.Build.0 = Debug|Win32
		{18F7B66B-7136-42D2-9489-8E65DF22AA78}.Release|x64.ActiveCfg = Release|x64
		{18F7B66B-7136-42D2-9489-8E65DF22AA78}.Release|x64.Build.0 = Release|x64
		{18F7B66B-7136-42D2-9489-8E65DF22AA78}.Release|x86.ActiveCfg = Release|Win32
		{18F7B66B-7136-42D2-9489-8E65DF22AA78}.Release|x86.Build.0 = Release|Win32
		{3A30F33C-9DEA-4609-8DE9-5B37FE4AAE63}.Debug|x64.ActiveCfg = Debug|x64
		{3A30F33C-9DEA-4609-8DE9-5B37FE4AAE63}.Debug|x64.Build.0 = Debug|x64
		{3A30F33C-9DEA-4609-8DE9-5B37FE4AAE63}.Debug|x86.ActiveCfg = Debug|Win32
		{3A30F33C-9DEA-4609-8DE9-5B37FE4AAE63}.Debug|x86.Build.0 = Debug|Win32
		{3A30F33C-9DEA-4609-8DE9-5B37FE4AAE63}.Release|x64.ActiveCfg = Release|x64
		{3A30F33C-9DEA-4609-8DE9-5B37FE4AAE63}.Release|x64.Build.0 = Release|x64
		{3A30F33C-9DEA-4609-8DE9-5B37FE4AAE63}.Release|x86.ActiveCfg = Release|Win32
		{3A30F33C-9DEA-4609-8DE9-5B37FE4AAE63}.Release|x86.Build.0 = Release|Win32
		{D0158F46-6BC4-48C6-BFAB-7DE96FADE4F9}.Debug|x64.ActiveCfg = Debug|x64
		{D0158F46-6BC4-48C6-BFAB-7DE96FADE4F9}.Debug|x64.Build.0 = Debug|x64
		{D0158F46-6BC4-48C6-BFAB-7DE96FADE4F9}.Debug|x86.ActiveCfg = Debug|Win32
		{D0158F46-6BC4-48C6-BFAB-7DE96FADE4F9}.Debug|x86.Build.0 = Debug|Win32
		{D0158F46-6BC4-48C6-BFAB-7DE96FADE4F9}.Release|x64.ActiveCfg = Release|x64
		{D0158F46-6BC4-48C6-BFAB-7DE96FADE4F9}.Release|x64.Build.0 = Release|x64
		{D0158F46-6BC4-48C6-BFAB-7DE96FADE4F9}.Release|x86.ActiveCfg = Release|Win32
		{D0158F46-6BC4-48C6-BFAB-7DE96FADE4F9}.Release|x86.Build.0 = Release|Win32
		{884CC2FE-192C-4094-8482-00DAFBEDE55F}.Debug|x64.ActiveCfg = Debug|x64
		{884CC2FE-192C-4094-8482-00DAFBEDE55F}.Debug|x64.Build.0 = Debug|x64
		{884CC2FE-192C-4094-8482-00DAFBEDE55F}.Debug|x86.ActiveCfg = Debug|Win32
		{884CC2FE-192C-4094-8482-00DAFBEDE55F}.Debug|x86.Build.0 = Debug|Win32
		{884CC2FE-192C-4094-8482-00DAFBEDE55F}.Release|x64.ActiveCfg = Release|x64
		{884CC2FE-192C-4094-8482-00DAFBEDE55F}.Release|x64.Build.0 = Release|x64
		{884CC2FE-192C-4094-8482-00DAFBEDE55F}.Release|x86.ActiveCfg = Release|Win32
		{884CC2FE-192C-4094-8482-00DAFBEDE55F}.Release|x86.Build.0 = Release|Win32
		{DFDCE0E2-EBA5-4EB0-896F-7A16A77B7EF9}.Debug|x64.ActiveCfg = Debug|x64
		{DFDCE0E2-EBA5-4EB0-896F-7A16A77B7EF9}.Debug|x64.Build.0 = Debug|x64
		{DFDCE0E2-EBA5-4EB0-896F-7A16A77B7EF9}.Debug|x86.ActiveCfg = Debug|Win32
		{DFDCE0E2-EBA5-4EB0-896F-7A16A77B7EF9}.Debug|x86.Build.0 = Debug|Win32
		{DFDCE0E2-EBA5-4EB0-896F-7A16A77B7EF9}.Release|x64.ActiveCfg = Release|x64
		{DFDCE0E2-EBA5-4EB0-896F-7A16A77B7EF9}.Release|x64.Build.0 = Release|x64
		{DFDCE0E2-EBA5-4EB0-896F-7A16A77B7EF9}.Release|x86.ActiveCfg = Release|Win32
		{DFDCE0E2-EBA5-4EB0-896F-7A16A77B7EF9}.Release|x86.Build.0 = Release|Win32
		{6B1D41A2-E179-4083-940E-87A7775FFEB5}.Debug|x64.ActiveCfg = Debug|x64
		{6B1D41A2-E179-4083-940E-87A7775FFEB5}.Debug|x64.Build.0 = Debug|x64
		{6B1D41A2-E179-4083-940E-87A7775FFEB5}.Debug|x86.ActiveCfg = Debug|Win32
		{6B1D41A2-E179-4083-940E-87A7775FFEB5}.Debug|x86.Build.0 = Debug|Win32
		{6B1D41A2-E179-4083-940E-87A7775FFEB5}.Release|x64.ActiveCfg = Release|x64
		{6B1D41A2-E179-4083-940E-87A7775FFEB5}.Release|x64.Build.0 = Release|x64
		{6B1D41A2-E179-4083-940E-87A7775FFEB5}.Release|x86.ActiveCfg = Release|Win32
		{6B1D41A2-E179-4083-940E-87A7775FFEB5}.Release|x86.Build.0 = Release|Win32
		{897EA6CF-DF8D-4D29-BFF4-601241FE960A}.Debug|x64.ActiveCfg = Debug|x64
		{897EA6CF-DF8D-4D29-BFF4-601241FE960A}.Debug|x64.Build.0 = Debug|x64
		{897EA6CF-DF8D-4D29-BFF4-601241FE960A}.Debug|x86.ActiveCfg = Debug|Win32
		{897EA6CF-DF8D-4D29-BFF4-601241FE960A}.Debug|x86.Build.0 = Debug|Win32
		{897EA6CF-DF8D-4D29-BFF4-601241FE960A}.Release|x64.ActiveCfg = Release|x64
		{897EA6CF-DF8D-4D29-BFF4-601241FE960A}.Release|x64.Build.0 = Release|x64
		{897EA6CF-DF8D-4D29-BFF4-601241FE960A}.Release|x86.ActiveCfg = Release|Win32
		{897EA6CF-DF8D-4D29-BFF4-601241FE960A}.Release|x86.Build.0 = Release|Win32
		{B1FC6A88-0FD2-470A-A6B5-2AFF8A802BB3}.Debug|x64.ActiveCfg = Debug|x64
		{B1FC6A88-0FD2-470A-A6B5-2AFF8A802BB3}.Debug|x64.Build.0 = Debug|x64
		{B1FC6A88-0FD2-470A-A6B5-2AFF8A802BB3}.Debug|x86.ActiveCfg = Debug|Win32
		{B1FC6A88-0FD2-470A-A6B5-2AFF8A802BB3}.Debug|x86.Build.0 = Debug|Win32
		{B1FC6A88-0FD2-470A-A6B5-2AFF8A802BB3}.Release|x64.ActiveCfg = Release|x64
		{B1FC6A88-0FD2-470A-A6B5-2AFF8A802BB3}.Release|x64.Build.0 = Release|x64
		{B1FC6A88-0FD2-470A-A6B5-2AFF8A802BB3}.Release|x86.ActiveCfg = Release|Win32
		{B1FC6A88-0FD2-470A-A6B5-2AFF8A802BB3}.Release|x86.Build.0 = Release|Win32
		{B6109B78-6FCB-4A64-B860-97E0DDE007C2}.Debug|x64.ActiveCfg = Debug|x64
		{B6109B78-6FCB-4A64-B860-97E0DDE007C2}.Debug|x64.Build.0 = Debug|x64
		{B6109B78-6FCB-4A64-B860-97E0DDE007C2}.Debug|x86.ActiveCfg = Debug|Win32
		{B6109B78-6FCB-4A64-B860-97E0DDE007C2}.Debug|x86.Build.0 = Debug|Win32
		{B6109B78-6FCB-4A64-B860-97E0DDE007C2}.Release|x64.ActiveCfg = Release|x64
		{B6109B78-6FCB-4A64-B860-97E0DDE007C2}.Release|x64.Build.0 = Release|x64
		{B6109B78-6FCB-4A64-B860-97E0DDE007C2}.Release|x86.ActiveCfg = Release|Win32
		{B6109B78-6FCB-4A64-B860-97E0DDE007C2}.Release|x86.Build.0 = Release|Win32
		{D7F1AFBA-1B60-4A0F-863F-E6608B520C39}.Debug|x64.ActiveCfg = Debug|x64
		{D7F1AFBA-1B60-4A0F-863F-E6608B520C39}.Debug|x64.Build.0 = Debug|x64
		{D7F1AFBA-1B60-4A0F-863F-E6608B520C39}.Debug|x86.ActiveCfg = Debug|Win32
		{D7F1AFBA-1B60-4A0F-863F-E6608B520C39}.Debug|x86.Build.0 = Debug|Win32
		{D7F1AFBA-1B60-4A0F-863F-E6608B520C39}.Release|x64.ActiveCfg = Release|x64
		{D7F1AFBA-1B60-4A0F-863F-E6608B520C39}.Release|x64.Build.0 = Release|x64
		{D7F1AFBA-1B60-4A0F-863F-E6608B520C39}.Release|x86.ActiveCfg = Release|Win32
		{D7F1AFBA-1B60-4A0F-863F-E6608B520C39}.Release|x86.Build.0 = Release|Win32
		{3897119C-0F64-4267-AE5B-82EC7E33C772}.Debug|x64.ActiveCfg = Debug|x64
		{3897119C-0F64-4267-AE5B-82EC7E33C772}.Debug|x64.Build.0 = Debug|x64
		{3897119C-0F64-4267-AE5B-82EC7E33C772}.Debug|x86.ActiveCfg = Debug|Win32
		{3897119C-0F64-4267-AE5B-82EC7E33C772}.Debug|x86.Build.0 = Debug|Win32
		{3897119C-0F64-4267-AE5B-82EC7E33C772}.Release|x64.ActiveCfg = Release|x64
		{3897119C-0F64-4267-AE5B-82EC7E33C772}.Release|x64.Build.0 = Release|x64
		{3897119C-0F64-4267-AE5B-82EC7E33C772}.Release|x86.ActiveCfg = Release|Win32
		{3897119C-0F64-4267-AE5B-82EC7E33C772}.Release|x86.Build.0 = Release|Win32
		{CFB5D893-0D9B-4E69-B42D-F5DE591E5BF9}.Debug|x64.ActiveCfg = Debug|x64
		{CFB5D893-0D9B-4E69-B42D-F5DE591E5BF9}.Debug|x64.Build.0 = Debug|x64
		{CFB5D893-0D9B-4E69-B42D-F5DE591E5BF9}.Debug|x86.ActiveCfg = Debug|Win32
		{CFB5D893-0D9B-4E69-B42D-F5DE591E5BF9}.Debug|x86.Build.0 = Debug|Win32
		{CFB5D893-0D9B-4E69-B42D-F5DE591E5BF9}.Release|x64.ActiveCfg = Release|x64
		{CFB5D893-0D9B-4E69-B42D-F5DE591E5BF9}.Release|x64.Build.0 = Release|x64
		{CFB5D893-0D9B-4E69-B42D-F5DE591E5BF9}.Release|x86.ActiveCfg = Release|Win32
		{CFB5D893-0D9B-4E69-B42D-F5DE591E5BF9}.Release|x86.Build.0 = Release|Win32
		{B3FB46A0-D422-4133-BF0E-736880AE6951}.Debug|x64.ActiveCfg = Debug|x64
		{B3FB46A0-D422-4133-BF0E-736880AE6951}.Debug|x64.Build.0 = Debug|x64
		{B3FB46A0-D422-4133-BF0E-736880AE6951}.Debug|x86.ActiveCfg = Debug|Win32
		{B3FB46A0-D422-4133-BF0E-736880AE6951}.Debug|x86.Build.0 = Debug|Win32
		{B3FB46A0-D422-4133-BF0E-736880AE6951}.Release|x64.ActiveCfg = Release|x64
		{B3FB46A0-D422-4133-BF0E-736880AE6951}.Release|x64.Build.0 = Release|x64
		{B3FB46A0-D422-4133-BF0E-736880AE6951}.Release|x86.ActiveCfg = Release|Win32
		{B3FB46A0-D422-4133-BF0E-736880AE6951}.Release|x86.Build.0 = Release|Win32
		{AB1E75AC-E129-4860-9CDB-363347505EFC}.Debug|x64.ActiveCfg = Debug|x64
		{AB1E75AC-E129-4860-9CDB-363347505EFC}.Debug|x64.Build.0 = Debug|x64
		{AB1E75AC-E129-4860-9CDB-363347505EFC}.Debug|x86.ActiveCfg = Debug|Win32
		{AB1E75AC-E129-4860-9CDB-363347505EFC}.Debug|x86.Build.0 = Debug|Win32
		{AB1E75AC-E129-4860-9CDB-363347505EFC}.Release|x64.ActiveCfg = Release|x64
		{AB1E75AC-E129-4860-9CDB-363347505EFC}.Release|x64.Build.0 = Release|x64
		{AB1E75AC-E129-4860-9CDB-363347505EFC}.Release|x86.ActiveCfg = Release|Win32
		{AB1E75AC-E129-4860-9CDB-363347505EFC}.Release|x86.Build.0 = Release|Win32
		{A63AED98-1AE3-4246-BC45-8C77BAE9C2B7}.Debug|x64.ActiveCfg = Debug|x64
		{A63AED98-1AE3-4246-BC45-8C77BAE9C2B7}.Debug|x64.Build.0 = Debug|x64
		{A63AED98-1AE3-4246-BC45-8C77BAE9C2B7}.Debug|x86.ActiveCfg = Debug|Win32
		{A63AED98-1AE3-4246-BC45-8C77BAE9C2B7}.Debug|x86.Build.0 = Debug|Win32
		{A63AED98-1AE3-4246-BC45-8C77BAE9C2B7}.Release|x64.ActiveCfg = Release|x64
		{A63AED98-1AE3-4246-BC45-8C77BAE9C2B7}.Release|x64.Build.0 = Release|x64
		{A63AED98-1AE3-4246-BC45-8C77BAE9C2B7}.Release|x86.ActiveCfg = Release|Win32
		{A63AED98-1AE3-4246-BC45-8C77BAE9C2B7}.Release|x86.Build.0 = Release|Win32
		{B14D33E5-C3A2-44F1-B9B6-EEB1545CC6BD}.Debug|x64.ActiveCfg = Debug|x64
		{B14D33E5-C3A2-44F1-B9B6-EEB1545CC6BD}.Debug|x64.Build.0 = Debug|x64
		{B14D33E5-C3A2-44F1-B9B6-EEB1545CC6BD}.Debug|x86.ActiveCfg = Debug|Win32
		{B14D33E5-C3A2-44F1-B9B6-EEB1545CC6BD}.Debug|x86.Build.0 = Debug|Win32
		{B14D33E5-C3A2-44F1-B9B6-EEB1545CC6BD}.Release|x64.ActiveCfg = Release|x64
		{B14D33E5-C3A2-44F1-B9B6-EEB1545CC6BD}.Release|x64.Build.0 = Release|x64
		{B14D33E5-C3A2-44F1-B9B6-EEB1545CC6BD}.Release|x86.ActiveCfg = Release|Win32
		{B14D33E5-C3A2-44F1-B9B6-EEB1545CC6BD}.Release|x86.Build.0 = Release|Win32
		{FA0201A2-4FAC-4586-9D06-282996F805F7}.Debug|x64.ActiveCfg = Debug|x64
		{FA0201A2-4FAC-4586-9D06-282996F805F7}.Debug|x64.Build.0 = Debug|x64
		{FA0201A2-4FAC-4586-9D06-282996F805F7}.Debug|x86.ActiveCfg = Debug|Win32
		{FA0201A2-4FAC-4586-9D06-282996F805F7}.Debug|x86.Build.0 = Debug|Win32
		{FA0201A2-4FAC-4586-9D06-282996F805F7}.Release|x64.ActiveCfg = Release|x64
		{FA0201A2-4FAC-4586-9D06-282996F805F7}.Release|x64.Build.0 = Release|x64
		{FA0201A2-4FAC-4586-9D06-282996F805F7}.Release|x86.ActiveCfg = Release|Win32
		{FA0201A2-4FAC-4586-9D06-282996F805F7}.Release|x86.Build.0 = Release|Win32
		{2EBDC169-BC67-43FA-A7D2-4C9794220FC5}.Debug|x64.ActiveCfg = Debug|x64
		{2EBDC169-BC67-43FA-A7D2-4C9794220FC5}.Debug|x64.Build.0 = Debug|x64
		{2EBDC169-BC67-43FA-A7D2-4C9794220FC5}.Debug|x86.ActiveCfg = Debug|Win32
		{2EBDC169-BC67-43FA-A7D2-4C9794220FC5}.Debug|x86.Build.0 = Debug|Win32
		{2EBDC169-BC67-43FA-A7D2-4C9794220FC5}.Release|x64.ActiveCfg = Release|x64
		{2EBDC169-BC67-43FA-A7D2-4C9794220FC5}.Release|x64.Build.0 = Release|x64
		{2EBDC169-BC67-43FA-A7D2-4C9794220FC5}.Release|x86.ActiveCfg = Release|Win32
		{2EBDC169-BC67-43FA-A7D2-4C9794220FC5}.Release|x86.Build.0 = Release|Win32
		{75ED47D3-3373-45EE-AC96-BD646E5D5380}.Debug|x64.ActiveCfg = Debug|x64
		{75ED47D3-3373-45EE-AC96-BD646E5D5380}.Debug|x64.Build.0 = Debug|x64
		{75ED47D3-3373-45EE-AC96-BD646E5D5380}.Debug|x86.ActiveCfg = Debug|Win32
		{75ED47D3-3373-45EE-AC96-BD646E5D5380}.Debug|x86.Build.0 = Debug|Win32
		{75ED47D3-3373-45EE-AC96-BD646E5D5380}.Release|x64.ActiveCfg = Release|x64
		{75ED47D3-3373-45EE-AC96-BD646E5D5380}.Release|x64.Build.0 = Release|x64
		{75ED47D3-3373-45EE-AC96-BD646E5D5380}.Release|x86.ActiveCfg = Release|Win32
		{75ED47D3-3373-45EE-AC96-BD646E5D5380}.Release|x86.Build.0 = Release|Win32
	EndGlobalSection
	GlobalSection(SolutionProperties) = preSolution
		HideSolutionNode = FALSE
	EndGlobalSection
	GlobalSection(ExtensibilityGlobals) = postSolution
		SolutionGuid = {01930D80-ADAC-4C8F-B5BF-19F5F159EB6D}
	EndGlobalSection
EndGlobal
