
Microsoft Visual Studio Solution File, Format Version 12.00
# Visual Studio Version 17
VisualStudioVersion = 17.9.34622.214
MinimumVisualStudioVersion = 10.0.40219.1
Project("{8BC9CEB8-8B4A-11D0-8D11-00A0C91BC942}") = "Lab1.Test", "Lab1\Lab1.Test\Lab1.Test.vcxproj", "{2D107FAD-F24B-48BD-A08C-0B3F508A9876}"
EndProject
Project("{8BC9CEB8-8B4A-11D0-8D11-00A0C91BC942}") = "Lab2.Test1", "Lab2\Lab2.Test\Lab2.Test.vcxproj", "{58787102-2B8B-4D47-AB63-C0B7F259ABAA}"
EndProject
Project("{8BC9CEB8-8B4A-11D0-8D11-00A0C91BC942}") = "Lab2.Test2", "Lab2\Lab2.Test2\Lab2.Test2.vcxproj", "{44159D7D-AC22-402C-8FB4-491BE46173E9}"
EndProject
Project("{8BC9CEB8-8B4A-11D0-8D11-00A0C91BC942}") = "Lab2.Test3", "Lab2\Lab2.Test3\Lab2.Test3.vcxproj", "{9CDF6F95-D5CC-44C9-97AB-A8074B8DA3A2}"
EndProject
Project("{8BC9CEB8-8B4A-11D0-8D11-00A0C91BC942}") = "Lab2.Test4", "Lab2\Lab2.Test4\Lab2.Test4.vcxproj", "{9826382A-A0DD-4F5B-BC48-280262671C7C}"
EndProject
Project("{8BC9CEB8-8B4A-11D0-8D11-00A0C91BC942}") = "Lab3.Test1", "Lab3\Lab3.Test1\Lab3.Test1.vcxproj", "{30D530E0-4E6F-418C-8ABD-26A3D988A311}"
EndProject
Project("{8BC9CEB8-8B4A-11D0-8D11-00A0C91BC942}") = "Lab3.Test2", "Lab3\Lab3.Test2\Lab3.Test2.vcxproj", "{BF53FC5D-A19B-40C1-AB79-56E93E306A81}"
EndProject
Project("{8BC9CEB8-8B4A-11D0-8D11-00A0C91BC942}") = "Lab3.Test3", "Lab3\Lab3.Test3\Lab3.Test3.vcxproj", "{9027F188-FE71-4ED1-8336-B50DDD07D9D2}"
EndProject
Project("{8BC9CEB8-8B4A-11D0-8D11-00A0C91BC942}") = "Lab3.Test4", "Lab3\Lab3.Test4\Lab3.Test4.vcxproj", "{4D6CDAE5-FCD5-4DA8-B4F5-5A92D0F84292}"
EndProject
Project("{8BC9CEB8-8B4A-11D0-8D11-00A0C91BC942}") = "Lab3.Test5", "Lab3\Lab3.Test5\Lab3.Test5.vcxproj", "{B0C0BEB1-5F96-4C87-B9E3-E748CA7C2A04}"
EndProject
Project("{8BC9CEB8-8B4A-11D0-8D11-00A0C91BC942}") = "Lab4.Test1", "Lab4\Lab4.Test1\Lab4.Test1.vcxproj", "{9E78DD81-B488-41D7-B93A-68653C9A2BD4}"
EndProject
Project("{8BC9CEB8-8B4A-11D0-8D11-00A0C91BC942}") = "Lab4.Test2", "Lab4\Lab4.Test2\Lab4.Test2.vcxproj", "{1A9EC6B1-BA6D-4AA2-B1B3-14FAED6872BB}"
EndProject
Project("{8BC9CEB8-8B4A-11D0-8D11-00A0C91BC942}") = "Lab5.Test1", "Lab5\Lab5.Test1\Lab5.Test1.vcxproj", "{F4BD0A8E-E823-49EB-A915-E34BC78287F9}"
EndProject
Project("{8BC9CEB8-8B4A-11D0-8D11-00A0C91BC942}") = "Lab5.Test2", "Lab5\Lab5.Test2\Lab5.Test2.vcxproj", "{18F7B66B-7136-42D2-9489-8E65DF22AA78}"
EndProject
Project("{8BC9CEB8-8B4A-11D0-8D11-00A0C91BC942}") = "Lab5.Test3", "Lab5\Lab5.Test3\Lab5.Test3.vcxproj", "{3A30F33C-9DEA-4609-8DE9-5B37FE4AAE63}"
EndProject
Project("{8BC9CEB8-8B4A-11D0-8D11-00A0C91BC942}") = "Lab6.Test1", "Lab6\Lab6.Test1\Lab6.Test1.vcxproj", "{D0158F46-6BC4-48C6-BFAB-7DE96FADE4F9}"
EndProject
Project("{8BC9CEB8-8B4A-11D0-8D11-00A0C91BC942}") = "Lab6.Test2", "Lab6\Lab6.Test2\Lab6.Test2.vcxproj", "{884CC2FE-192C-4094-8482-00DAFBEDE55F}"
EndProject
Global
	GlobalSection(SolutionConfigurationPlatforms) = preSolution
		Debug|x64 = Debug|x64
		Debug|x86 = Debug|x86
		Release|x64 = Release|x64
		Release|x86 = Release|x86
	EndGlobalSection
	GlobalSection(ProjectConfigurationPlatforms) = postSolution
		{2D107FAD-F24B-48BD-A08C-0B3F508A9876}.Debug|x64.ActiveCfg = Debug|x64
		{2D107FAD-F24B-48BD-A08C-0B3F508A9876}.Debug|x64.Build.0 = Debug|x64
		{2D107FAD-F24B-48BD-A08C-0B3F508A9876}.Debug|x86.ActiveCfg = Debug|Win32
		{2D107FAD-F24B-48BD-A08C-0B3F508A9876}.Debug|x86.Build.0 = Debug|Win32
		{2D107FAD-F24B-48BD-A08C-0B3F508A9876}.Release|x64.ActiveCfg = Release|x64
		{2D107FAD-F24B-48BD-A08C-0B3F508A9876}.Release|x64.Build.0 = Release|x64
		{2D107FAD-F24B-48BD-A08C-0B3F508A9876}.Release|x86.ActiveCfg = Release|Win32
		{2D107FAD-F24B-48BD-A08C-0B3F508A9876}.Release|x86.Build.0 = Release|Win32
		{58787102-2B8B-4D47-AB63-C0B7F259ABAA}.Debug|x64.ActiveCfg = Debug|x64
		{58787102-2B8B-4D47-AB63-C0B7F259ABAA}.Debug|x64.Build.0 = Debug|x64
		{58787102-2B8B-4D47-AB63-C0B7F259ABAA}.Debug|x86.ActiveCfg = Debug|Win32
		{58787102-2B8B-4D47-AB63-C0B7F259ABAA}.Debug|x86.Build.0 = Debug|Win32
		{58787102-2B8B-4D47-AB63-C0B7F259ABAA}.Release|x64.ActiveCfg = Release|x64
		{58787102-2B8B-4D47-AB63-C0B7F259ABAA}.Release|x64.Build.0 = Release|x64
		{58787102-2B8B-4D47-AB63-C0B7F259ABAA}.Release|x86.ActiveCfg = Release|Win32
		{58787102-2B8B-4D47-AB63-C0B7F259ABAA}.Release|x86.Build.0 = Release|Win32
		{44159D7D-AC22-402C-8FB4-491BE46173E9}.Debug|x64.ActiveCfg = Debug|x64
		{44159D7D-AC22-402C-8FB4-491BE46173E9}.Debug|x64.Build.0 = Debug|x64
		{44159D7D-AC22-402C-8FB4-491BE46173E9}.Debug|x86.ActiveCfg = Debug|Win32
		{44159D7D-AC22-402C-8FB4-491BE46173E9}.Debug|x86.Build.0 = Debug|Win32
		{44159D7D-AC22-402C-8FB4-491BE46173E9}.Release|x64.ActiveCfg = Release|x64
		{44159D7D-AC22-402C-8FB4-491BE46173E9}.Release|x64.Build.0 = Release|x64
		{44159D7D-AC22-402C-8FB4-491BE46173E9}.Release|x86.ActiveCfg = Release|Win32
		{44159D7D-AC22-402C-8FB4-491BE46173E9}.Release|x86.Build.0 = Release|Win32
		{9CDF6F95-D5CC-44C9-97AB-A8074B8DA3A2}.Debug|x64.ActiveCfg = Debug|x64
		{9CDF6F95-D5CC-44C9-97AB-A8074B8DA3A2}.Debug|x64.Build.0 = Debug|x64
		{9CDF6F95-D5CC-44C9-97AB-A8074B8DA3A2}.Debug|x86.ActiveCfg = Debug|Win32
		{9CDF6F95-D5CC-44C9-97AB-A8074B8DA3A2}.Debug|x86.Build.0 = Debug|Win32
		{9CDF6F95-D5CC-44C9-97AB-A8074B8DA3A2}.Release|x64.ActiveCfg = Release|x64
		{9CDF6F95-D5CC-44C9-97AB-A8074B8DA3A2}.Release|x64.Build.0 = Release|x64
		{9CDF6F95-D5CC-44C9-97AB-A8074B8DA3A2}.Release|x86.ActiveCfg = Release|Win32
		{9CDF6F95-D5CC-44C9-97AB-A8074B8DA3A2}.Release|x86.Build.0 = Release|Win32
		{9826382A-A0DD-4F5B-BC48-280262671C7C}.Debug|x64.ActiveCfg = Debug|x64
		{9826382A-A0DD-4F5B-BC48-280262671C7C}.Debug|x64.Build.0 = Debug|x64
		{9826382A-A0DD-4F5B-BC48-280262671C7C}.Debug|x86.ActiveCfg = Debug|Win32
		{9826382A-A0DD-4F5B-BC48-280262671C7C}.Debug|x86.Build.0 = Debug|Win32
		{9826382A-A0DD-4F5B-BC48-280262671C7C}.Release|x64.ActiveCfg = Release|x64
		{9826382A-A0DD-4F5B-BC48-280262671C7C}.Release|x64.Build.0 = Release|x64
		{9826382A-A0DD-4F5B-BC48-280262671C7C}.Release|x86.ActiveCfg = Release|Win32
		{9826382A-A0DD-4F5B-BC48-280262671C7C}.Release|x86.Build.0 = Release|Win32
		{30D530E0-4E6F-418C-8ABD-26A3D988A311}.Debug|x64.ActiveCfg = Debug|x64
		{30D530E0-4E6F-418C-8ABD-26A3D988A311}.Debug|x64.Build.0 = Debug|x64
		{30D530E0-4E6F-418C-8ABD-26A3D988A311}.Debug|x86.ActiveCfg = Debug|Win32
		{30D530E0-4E6F-418C-8ABD-26A3D988A311}.Debug|x86.Build.0 = Debug|Win32
		{30D530E0-4E6F-418C-8ABD-26A3D988A311}.Release|x64.ActiveCfg = Release|x64
		{30D530E0-4E6F-418C-8ABD-26A3D988A311}.Release|x64.Build.0 = Release|x64
		{30D530E0-4E6F-418C-8ABD-26A3D988A311}.Release|x86.ActiveCfg = Release|Win32
		{30D530E0-4E6F-418C-8ABD-26A3D988A311}.Release|x86.Build.0 = Release|Win32
		{BF53FC5D-A19B-40C1-AB79-56E93E306A81}.Debug|x64.ActiveCfg = Debug|x64
		{BF53FC5D-A19B-40C1-AB79-56E93E306A81}.Debug|x64.Build.0 = Debug|x64
		{BF53FC5D-A19B-40C1-AB79-56E93E306A81}.Debug|x86.ActiveCfg = Debug|Win32
		{BF53FC5D-A19B-40C1-AB79-56E93E306A81}.Debug|x86.Build.0 = Debug|Win32
		{BF53FC5D-A19B-40C1-AB79-56E93E306A81}.Release|x64.ActiveCfg = Release|x64
		{BF53FC5D-A19B-40C1-AB79-56E93E306A81}.Release|x64.Build.0 = Release|x64
		{BF53FC5D-A19B-40C1-AB79-56E93E306A81}.Release|x86.ActiveCfg = Release|Win32
		{BF53FC5D-A19B-40C1-AB79-56E93E306A81}.Release|x86.Build.0 = Release|Win32
		{9027F188-FE71-4ED1-8336-B50DDD07D9D2}.Debug|x64.ActiveCfg = Debug|x64
		{9027F188-FE71-4ED1-8336-B50DDD07D9D2}.Debug|x64.Build.0 = Debug|x64
		{9027F188-FE71-4ED1-8336-B50DDD07D9D2}.Debug|x86.ActiveCfg = Debug|Win32
		{9027F188-FE71-4ED1-8336-B50DDD07D9D2}.Debug|x86.Build.0 = Debug|Win32
		{9027F188-FE71-4ED1-8336-B50DDD07D9D2}.Release|x64.ActiveCfg = Release|x64
		{9027F188-FE71-4ED1-8336-B50DDD07D9D2}.Release|x64.Build.0 = Release|x64
		{9027F188-FE71-4ED1-8336-B50DDD07D9D2}.Release|x86.ActiveCfg = Release|Win32
		{9027F188-FE71-4ED1-8336-B50DDD07D9D2}.Release|x86.Build.0 = Release|Win32
		{4D6CDAE5-FCD5-4DA8-B4F5-5A92D0F84292}.Debug|x64.ActiveCfg = Debug|x64
		{4D6CDAE5-FCD5-4DA8-B4F5-5A92D0F84292}.Debug|x64.Build.0 = Debug|x64
		{4D6CDAE5-FCD5-4DA8-B4F5-5A92D0F84292}.Debug|x86.ActiveCfg = Debug|Win32
		{4D6CDAE5-FCD5-4DA8-B4F5-5A92D0F84292}.Debug|x86.Build.0 = Debug|Win32
		{4D6CDAE5-FCD5-4DA8-B4F5-5A92D0F84292}.Release|x64.ActiveCfg = Release|x64
		{4D6CDAE5-FCD5-4DA8-B4F5-5A92D0F84292}.Release|x64.Build.0 = Release|x64
		{4D6CDAE5-FCD5-4DA8-B4F5-5A92D0F84292}.Release|x86.ActiveCfg = Release|Win32
		{4D6CDAE5-FCD5-4DA8-B4F5-5A92D0F84292}.Release|x86.Build.0 = Release|Win32
		{B0C0BEB1-5F96-4C87-B9E3-E748CA7C2A04}.Debug|x64.ActiveCfg = Debug|x64
		{B0C0BEB1-5F96-4C87-B9E3-E748CA7C2A04}.Debug|x64.Build.0 = Debug|x64
		{B0C0BEB1-5F96-4C87-B9E3-E748CA7C2A04}.Debug|x86.ActiveCfg = Debug|Win32
		{B0C0BEB1-5F96-4C87-B9E3-E748CA7C2A04}.Debug|x86.Build.0 = Debug|Win32
		{B0C0BEB1-5F96-4C87-B9E3-E748CA7C2A04}.Release|x64.ActiveCfg = Release|x64
		{B0C0BEB1-5F96-4C87-B9E3-E748CA7C2A04}.Release|x64.Build.0 = Release|x64
		{B0C0BEB1-5F96-4C87-B9E3-E748CA7C2A04}.Release|x86.ActiveCfg = Release|Win32
		{B0C0BEB1-5F96-4C87-B9E3-E748CA7C2A04}.Release|x86.Build.0 = Release|Win32
		{9E78DD81-B488-41D7-B93A-68653C9A2BD4}.Debug|x64.ActiveCfg = Debug|x64
		{9E78DD81-B488-41D7-B93A-68653C9A2BD4}.Debug|x64.Build.0 = Debug|x64
		{9E78DD81-B488-41D7-B93A-68653C9A2BD4}.Debug|x86.ActiveCfg = Debug|Win32
		{9E78DD81-B488-41D7-B93A-68653C9A2BD4}.Debug|x86.Build.0 = Debug|Win32
		{9E78DD81-B488-41D7-B93A-68653C9A2BD4}.Release|x64.ActiveCfg = Release|x64
		{9E78DD81-B488-41D7-B93A-68653C9A2BD4}.Release|x64.Build.0 = Release|x64
		{9E78DD81-B488-41D7-B93A-68653C9A2BD4}.Release|x86.ActiveCfg = Release|Win32
		{9E78DD81-B488-41D7-B93A-68653C9A2BD4}.Release|x86.Build.0 = Release|Win32
		{1A9EC6B1-BA6D-4AA2-B1B3-14FAED6872BB}.Debug|x64.ActiveCfg = Debug|x64
		{1A9EC6B1-BA6D-4AA2-B1B3-14FAED6872BB}.Debug|x64.Build.0 = Debug|x64
		{1A9EC6B1-BA6D-4AA2-B1B3-14FAED6872BB}.Debug|x86.ActiveCfg = Debug|Win32
		{1A9EC6B1-BA6D-4AA2-B1B3-14FAED6872BB}.Debug|x86.Build.0 = Debug|Win32
		{1A9EC6B1-BA6D-4AA2-B1B3-14FAED6872BB}.Release|x64.ActiveCfg = Release|x64
		{1A9EC6B1-BA6D-4AA2-B1B3-14FAED6872BB}.Release|x64.Build.0 = Release|x64
		{1A9EC6B1-BA6D-4AA2-B1B3-14FAED6872BB}.Release|x86.ActiveCfg = Release|Win32
		{1A9EC6B1-BA6D-4AA2-B1B3-14FAED6872BB}.Release|x86.Build.0 = Release|Win32
		{F4BD0A8E-E823-49EB-A915-E34BC78287F9}.Debug|x64.ActiveCfg = Debug|x64
		{F4BD0A8E-E823-49EB-A915-E34BC78287F9}.Debug|x64.Build.0 = Debug|x64
		{F4BD0A8E-E823-49EB-A915-E34BC78287F9}.Debug|x86.ActiveCfg = Debug|Win32
		{F4BD0A8E-E823-49EB-A915-E34BC78287F9}.Debug|x86.Build.0 = Debug|Win32
		{F4BD0A8E-E823-49EB-A915-E34BC78287F9}.Release|x64.ActiveCfg = Release|x64
		{F4BD0A8E-E823-49EB-A915-E34BC78287F9}.Release|x64.Build.0 = Release|x64
		{F4BD0A8E-E823-49EB-A915-E34BC78287F9}.Release|x86.ActiveCfg = Release|Win32
		{F4BD0A8E-E823-49EB-A915-E34BC78287F9}.Release|x86.Build.0 = Release|Win32
		{18F7B66B-7136-42D2-9489-8E65DF22AA78}.Debug|x64.ActiveCfg = Debug|x64
		{18F7B66B-7136-42D2-9489-8E65DF22AA78}.Debug|x64.Build.0 = Debug|x64
		{18F7B66B-7136-42D2-9489-8E65DF22AA78}.Debug|x86.ActiveCfg = Debug|Win32
		{18F7B66B-7136-42D2-9489-8E65DF22AA78}.Debug|x86.Build.0 = Debug|Win32
		{18F7B66B-7136-42D2-9489-8E65DF22AA78}.Release|x64.ActiveCfg = Release|x64
		{18F7B66B-7136-42D2-9489-8E65DF22AA78}.Release|x64.Build.0 = Release|x64
		{18F7B66B-7136-42D2-9489-8E65DF22AA78}.Release|x86.ActiveCfg = Release|Win32
		{18F7B66B-7136-42D2-9489-8E65DF22AA78}.Release|x86.Build.0 = Release|Win32
		{3A30F33C-9DEA-4609-8DE9-5B37FE4AAE63}.Debug|x64.ActiveCfg = Debug|x64
		{3A30F33C-9DEA-4609-8DE9-5B37FE4AAE63}.Debug|x64.Build.0 = Debug|x64
		{3A30F33C-9DEA-4609-8DE9-5B37FE4AAE63}.Debug|x86.ActiveCfg = Debug|Win32
		{3A30F33C-9DEA-4609-8DE9-5B37FE4AAE63}.Debug|x86.Build.0 = Debug|Win32
		{3A30F33C-9DEA-4609-8DE9-5B37FE4AAE63}.Release|x64.ActiveCfg = Release|x64
		{3A30F33C-9DEA-4609-8DE9-5B37FE4AAE63}.Release|x64.Build.0 = Release|x64
		{3A30F33C-9DEA-4609-8DE9-5B37FE4AAE63}.Release|x86.ActiveCfg = Release|Win32
		{3A30F33C-9DEA-4609-8DE9-5B37FE4AAE63}.Release|x86.Build.0 = Release|Win32
		{D0158F46-6BC4-48C6-BFAB-7DE96FADE4F9}.Debug|x64.ActiveCfg = Debug|x64
		{D0158F46-6BC4-48C6-BFAB-7DE96FADE4F9}.Debug|x64.Build.0 = Debug|x64
		{D0158F46-6BC4-48C6-BFAB-7DE96FADE4F9}.Debug|x86.ActiveCfg = Debug|Win32
		{D0158F46-6BC4-48C6-BFAB-7DE96FADE4F9}.Debug|x86.Build.0 = Debug|Win32
		{D0158F46-6BC4-48C6-BFAB-7DE96FADE4F9}.Release|x64.ActiveCfg = Release|x64
		{D0158F46-6BC4-48C6-BFAB-7DE96FADE4F9}.Release|x64.Build.0 = Release|x64
		{D0158F46-6BC4-48C6-BFAB-7DE96FADE4F9}.Release|x86.ActiveCfg = Release|Win32
		{D0158F46-6BC4-48C6-BFAB-7DE96FADE4F9}.Release|x86.Build.0 = Release|Win32
		{884CC2FE-192C-4094-8482-00DAFBEDE55F}.Debug|x64.ActiveCfg = Debug|x64
		{884CC2FE-192C-4094-8482-00DAFBEDE55F}.Debug|x64.Build.0 = Debug|x64
		{884CC2FE-192C-4094-8482-00DAFBEDE55F}.Debug|x86.ActiveCfg = Debug|Win32
		{884CC2FE-192C-4094-8482-00DAFBEDE55F}.Debug|x86.Build.0 = Debug|Win32
		{884CC2FE-192C-4094-8482-00DAFBEDE55F}.Release|x64.ActiveCfg = Release|x64
		{884CC2FE-192C-4094-8482-00DAFBEDE55F}.Release|x64.Build.0 = Release|x64
		{884CC2FE-192C-4094-8482-00DAFBEDE55F}.Release|x86.ActiveCfg = Release|Win32
		{884CC2FE-192C-4094-8482-00DAFBEDE55F}.Release|x86.Build.0 = Release|Win32
	EndGlobalSection
	GlobalSection(SolutionProperties) = preSolution
		HideSolutionNode = FALSE
	EndGlobalSection
	GlobalSection(ExtensibilityGlobals) = postSolution
		SolutionGuid = {01930D80-ADAC-4C8F-B5BF-19F5F159EB6D}
	EndGlobalSection
EndGlobal
