
Microsoft Visual Studio Solution File, Format Version 12.00
# Visual Studio Version 17
VisualStudioVersion = 17.7.34031.279
MinimumVisualStudioVersion = 10.0.40219.1
Project("{FAE04EC0-301F-11D3-BF4B-00C04F79EFBC}") = "LoadDataSetXml", "LoadDataSetXml\LoadDataSetXml.csproj", "{914699D3-897B-413A-9FC8-E9B14ED5FED9}"
EndProject
Global
	GlobalSection(SolutionConfigurationPlatforms) = preSolution
		Debug|Any CPU = Debug|Any CPU
		Release|Any CPU = Release|Any CPU
	EndGlobalSection
	GlobalSection(ProjectConfigurationPlatforms) = postSolution
		{914699D3-897B-413A-9FC8-E9B14ED5FED9}.Debug|Any CPU.ActiveCfg = Debug|Any CPU
		{914699D3-897B-413A-9FC8-E9B14ED5FED9}.Debug|Any CPU.Build.0 = Debug|Any CPU
		{914699D3-897B-413A-9FC8-E9B14ED5FED9}.Release|Any CPU.ActiveCfg = Release|Any CPU
		{914699D3-897B-413A-9FC8-E9B14ED5FED9}.Release|Any CPU.Build.0 = Release|Any CPU
	EndGlobalSection
	GlobalSection(SolutionProperties) = preSolution
		HideSolutionNode = FALSE
	EndGlobalSection
	GlobalSection(ExtensibilityGlobals) = postSolution
		SolutionGuid = {DD079DF9-51F0-4165-BAE3-5B65BBFF24E5}
	EndGlobalSection
EndGlobal
