
Microsoft Visual Studio Solution File, Format Version 12.00
# Visual Studio Version 17
VisualStudioVersion = 17.7.34031.279
MinimumVisualStudioVersion = 10.0.40219.1
Project("{FAE04EC0-301F-11D3-BF4B-00C04F79EFBC}") = "Ex3.LINQsqlSproc", "Ex3.LINQsqlSproc\Ex3.LINQsqlSproc.csproj", "{891E8634-F19E-4524-9098-01922332D72B}"
EndProject
Global
	GlobalSection(SolutionConfigurationPlatforms) = preSolution
		Debug|Any CPU = Debug|Any CPU
		Release|Any CPU = Release|Any CPU
	EndGlobalSection
	GlobalSection(ProjectConfigurationPlatforms) = postSolution
		{891E8634-F19E-4524-9098-01922332D72B}.Debug|Any CPU.ActiveCfg = Debug|Any CPU
		{891E8634-F19E-4524-9098-01922332D72B}.Debug|Any CPU.Build.0 = Debug|Any CPU
		{891E8634-F19E-4524-9098-01922332D72B}.Release|Any CPU.ActiveCfg = Release|Any CPU
		{891E8634-F19E-4524-9098-01922332D72B}.Release|Any CPU.Build.0 = Release|Any CPU
	EndGlobalSection
	GlobalSection(SolutionProperties) = preSolution
		HideSolutionNode = FALSE
	EndGlobalSection
	GlobalSection(ExtensibilityGlobals) = postSolution
		SolutionGuid = {4E17256A-769F-4943-A32E-D43A36E8FAF3}
	EndGlobalSection
EndGlobal
