
Microsoft Visual Studio Solution File, Format Version 12.00
# Visual Studio Version 17
VisualStudioVersion = 17.7.34031.279
MinimumVisualStudioVersion = 10.0.40219.1
Project("{FAE04EC0-301F-11D3-BF4B-00C04F79EFBC}") = "DataViewExample", "DataViewExample\DataViewExample.csproj", "{5FC6A216-4235-4310-B71F-9996A0BC360A}"
EndProject
Global
	GlobalSection(SolutionConfigurationPlatforms) = preSolution
		Debug|Any CPU = Debug|Any CPU
		Release|Any CPU = Release|Any CPU
	EndGlobalSection
	GlobalSection(ProjectConfigurationPlatforms) = postSolution
		{5FC6A216-4235-4310-B71F-9996A0BC360A}.Debug|Any CPU.ActiveCfg = Debug|Any CPU
		{5FC6A216-4235-4310-B71F-9996A0BC360A}.Debug|Any CPU.Build.0 = Debug|Any CPU
		{5FC6A216-4235-4310-B71F-9996A0BC360A}.Release|Any CPU.ActiveCfg = Release|Any CPU
		{5FC6A216-4235-4310-B71F-9996A0BC360A}.Release|Any CPU.Build.0 = Release|Any CPU
	EndGlobalSection
	GlobalSection(SolutionProperties) = preSolution
		HideSolutionNode = FALSE
	EndGlobalSection
	GlobalSection(ExtensibilityGlobals) = postSolution
		SolutionGuid = {FEBB409B-620D-4F0F-8D82-92F6AFC77889}
	EndGlobalSection
EndGlobal
