
Microsoft Visual Studio Solution File, Format Version 12.00
# Visual Studio Version 17
VisualStudioVersion = 17.5.33530.505
MinimumVisualStudioVersion = 10.0.40219.1
Project("{FAE04EC0-301F-11D3-BF4B-00C04F79EFBC}") = "WinCS.WinForm.Lab1.Ex1", "WinCS.WinForm.Lab1.Ex1\WinCS.WinForm.Lab1.Ex1.csproj", "{5614499F-E715-4E91-800D-4DA6BC9B754A}"
EndProject
Project("{FAE04EC0-301F-11D3-BF4B-00C04F79EFBC}") = "WinCS.WinForm.Lab1.Ex2", "WinCS.WinForm.Lab1.Ex2\WinCS.WinForm.Lab1.Ex2.csproj", "{CB4C983F-166C-40DD-A7E2-B9D050924742}"
EndProject
Project("{FAE04EC0-301F-11D3-BF4B-00C04F79EFBC}") = "WinCS.WinForm.Lab1.Ex3", "WinCS.WinForm.Lab1.Ex3\WinCS.WinForm.Lab1.Ex3.csproj", "{7EDD1DBC-23A6-45EA-97E8-0EF9FE5C41BF}"
EndProject
Global
	GlobalSection(SolutionConfigurationPlatforms) = preSolution
		Debug|Any CPU = Debug|Any CPU
		Release|Any CPU = Release|Any CPU
	EndGlobalSection
	GlobalSection(ProjectConfigurationPlatforms) = postSolution
		{5614499F-E715-4E91-800D-4DA6BC9B754A}.Debug|Any CPU.ActiveCfg = Debug|Any CPU
		{5614499F-E715-4E91-800D-4DA6BC9B754A}.Debug|Any CPU.Build.0 = Debug|Any CPU
		{5614499F-E715-4E91-800D-4DA6BC9B754A}.Release|Any CPU.ActiveCfg = Release|Any CPU
		{5614499F-E715-4E91-800D-4DA6BC9B754A}.Release|Any CPU.Build.0 = Release|Any CPU
		{CB4C983F-166C-40DD-A7E2-B9D050924742}.Debug|Any CPU.ActiveCfg = Debug|Any CPU
		{CB4C983F-166C-40DD-A7E2-B9D050924742}.Debug|Any CPU.Build.0 = Debug|Any CPU
		{CB4C983F-166C-40DD-A7E2-B9D050924742}.Release|Any CPU.ActiveCfg = Release|Any CPU
		{CB4C983F-166C-40DD-A7E2-B9D050924742}.Release|Any CPU.Build.0 = Release|Any CPU
		{7EDD1DBC-23A6-45EA-97E8-0EF9FE5C41BF}.Debug|Any CPU.ActiveCfg = Debug|Any CPU
		{7EDD1DBC-23A6-45EA-97E8-0EF9FE5C41BF}.Debug|Any CPU.Build.0 = Debug|Any CPU
		{7EDD1DBC-23A6-45EA-97E8-0EF9FE5C41BF}.Release|Any CPU.ActiveCfg = Release|Any CPU
		{7EDD1DBC-23A6-45EA-97E8-0EF9FE5C41BF}.Release|Any CPU.Build.0 = Release|Any CPU
	EndGlobalSection
	GlobalSection(SolutionProperties) = preSolution
		HideSolutionNode = FALSE
	EndGlobalSection
	GlobalSection(ExtensibilityGlobals) = postSolution
		SolutionGuid = {E5F12658-EB1F-47B8-9D09-AB7EF877DFF0}
	EndGlobalSection
EndGlobal
