
Microsoft Visual Studio Solution File, Format Version 12.00
# Visual Studio Version 17
VisualStudioVersion = 17.6.33723.286
MinimumVisualStudioVersion = 10.0.40219.1
Project("{FAE04EC0-301F-11D3-BF4B-00C04F79EFBC}") = "DBCommand", "DBCommand\DBCommand.csproj", "{549E7DBC-1C2C-4D26-83DB-DAFC5CA94AC2}"
EndProject
Global
	GlobalSection(SolutionConfigurationPlatforms) = preSolution
		Debug|Any CPU = Debug|Any CPU
		Release|Any CPU = Release|Any CPU
	EndGlobalSection
	GlobalSection(ProjectConfigurationPlatforms) = postSolution
		{549E7DBC-1C2C-4D26-83DB-DAFC5CA94AC2}.Debug|Any CPU.ActiveCfg = Debug|Any CPU
		{549E7DBC-1C2C-4D26-83DB-DAFC5CA94AC2}.Debug|Any CPU.Build.0 = Debug|Any CPU
		{549E7DBC-1C2C-4D26-83DB-DAFC5CA94AC2}.Release|Any CPU.ActiveCfg = Release|Any CPU
		{549E7DBC-1C2C-4D26-83DB-DAFC5CA94AC2}.Release|Any CPU.Build.0 = Release|Any CPU
	EndGlobalSection
	GlobalSection(SolutionProperties) = preSolution
		HideSolutionNode = FALSE
	EndGlobalSection
	GlobalSection(ExtensibilityGlobals) = postSolution
		SolutionGuid = {EAEBEE97-BF71-4412-A4BF-C1880BBED5D3}
	EndGlobalSection
EndGlobal
